// !$*UTF8*$!
{
	archiveVersion = 1;
	classes = {
	};
	objectVersion = 50;
	objects = {

/* Begin PBXBuildFile section */
		5B082CC82458AB18009A733B /* AppDelegate.swift in Sources */ = {isa = PBXBuildFile; fileRef = 5B082CC72458AB18009A733B /* AppDelegate.swift */; };
		5B082CCA2458AB18009A733B /* SceneDelegate.swift in Sources */ = {isa = PBXBuildFile; fileRef = 5B082CC92458AB18009A733B /* SceneDelegate.swift */; };
		5B082CCC2458AB18009A733B /* MemeEditorVC.swift in Sources */ = {isa = PBXBuildFile; fileRef = 5B082CCB2458AB18009A733B /* MemeEditorVC.swift */; };
		5B082CCF2458AB18009A733B /* Main.storyboard in Resources */ = {isa = PBXBuildFile; fileRef = 5B082CCD2458AB18009A733B /* Main.storyboard */; };
		5B082CD12458AB1E009A733B /* Assets.xcassets in Resources */ = {isa = PBXBuildFile; fileRef = 5B082CD02458AB1E009A733B /* Assets.xcassets */; };
		5B082CD42458AB1E009A733B /* LaunchScreen.storyboard in Resources */ = {isa = PBXBuildFile; fileRef = 5B082CD22458AB1E009A733B /* LaunchScreen.storyboard */; };
		5B082CDE2458B311009A733B /* Meme.swift in Sources */ = {isa = PBXBuildFile; fileRef = 5B082CDD2458B311009A733B /* Meme.swift */; };
		5BEA4D05245A8986008B7391 /* Impact.ttf in Resources */ = {isa = PBXBuildFile; fileRef = 5BEA4D04245A8986008B7391 /* Impact.ttf */; };
		5BEA4D0A245AA782008B7391 /* Extensions.swift in Sources */ = {isa = PBXBuildFile; fileRef = 5BEA4D09245AA782008B7391 /* Extensions.swift */; };
/* End PBXBuildFile section */

/* Begin PBXFileReference section */
		5B082CC42458AB18009A733B /* MemeMe.app */ = {isa = PBXFileReference; explicitFileType = wrapper.application; includeInIndex = 0; path = MemeMe.app; sourceTree = BUILT_PRODUCTS_DIR; };
		5B082CC72458AB18009A733B /* AppDelegate.swift */ = {isa = PBXFileReference; lastKnownFileType = sourcecode.swift; path = AppDelegate.swift; sourceTree = "<group>"; };
		5B082CC92458AB18009A733B /* SceneDelegate.swift */ = {isa = PBXFileReference; lastKnownFileType = sourcecode.swift; path = SceneDelegate.swift; sourceTree = "<group>"; };
		5B082CCB2458AB18009A733B /* MemeEditorVC.swift */ = {isa = PBXFileReference; lastKnownFileType = sourcecode.swift; path = MemeEditorVC.swift; sourceTree = "<group>"; };
		5B082CCE2458AB18009A733B /* Base */ = {isa = PBXFileReference; lastKnownFileType = file.storyboard; name = Base; path = Base.lproj/Main.storyboard; sourceTree = "<group>"; };
		5B082CD02458AB1E009A733B /* Assets.xcassets */ = {isa = PBXFileReference; lastKnownFileType = folder.assetcatalog; path = Assets.xcassets; sourceTree = "<group>"; };
		5B082CD32458AB1E009A733B /* Base */ = {isa = PBXFileReference; lastKnownFileType = file.storyboard; name = Base; path = Base.lproj/LaunchScreen.storyboard; sourceTree = "<group>"; };
		5B082CD52458AB1E009A733B /* Info.plist */ = {isa = PBXFileReference; lastKnownFileType = text.plist.xml; path = Info.plist; sourceTree = "<group>"; };
		5B082CDD2458B311009A733B /* Meme.swift */ = {isa = PBXFileReference; lastKnownFileType = sourcecode.swift; path = Meme.swift; sourceTree = "<group>"; };
		5BEA4D04245A8986008B7391 /* Impact.ttf */ = {isa = PBXFileReference; lastKnownFileType = file; path = Impact.ttf; sourceTree = "<group>"; };
		5BEA4D09245AA782008B7391 /* Extensions.swift */ = {isa = PBXFileReference; lastKnownFileType = sourcecode.swift; path = Extensions.swift; sourceTree = "<group>"; };
/* End PBXFileReference section */

/* Begin PBXFrameworksBuildPhase section */
		5B082CC12458AB18009A733B /* Frameworks */ = {
			isa = PBXFrameworksBuildPhase;
			buildActionMask = 2147483647;
			files = (
			);
			runOnlyForDeploymentPostprocessing = 0;
		};
/* End PBXFrameworksBuildPhase section */

/* Begin PBXGroup section */
		5B082CBB2458AB18009A733B = {
			isa = PBXGroup;
			children = (
				5B082CC62458AB18009A733B /* MemeMe */,
				5B082CC52458AB18009A733B /* Products */,
			);
			sourceTree = "<group>";
		};
		5B082CC52458AB18009A733B /* Products */ = {
			isa = PBXGroup;
			children = (
				5B082CC42458AB18009A733B /* MemeMe.app */,
			);
			name = Products;
			sourceTree = "<group>";
		};
		5B082CC62458AB18009A733B /* MemeMe */ = {
			isa = PBXGroup;
			children = (
				5B082CC72458AB18009A733B /* AppDelegate.swift */,
				5B082CC92458AB18009A733B /* SceneDelegate.swift */,
				5BEA4D08245AA775008B7391 /* Utilities */,
				5BEA4D06245AA75F008B7391 /* Model */,
				5BEA4D07245AA76A008B7391 /* Controller */,
				5B082CCD2458AB18009A733B /* Main.storyboard */,
				5B082CD02458AB1E009A733B /* Assets.xcassets */,
				5B082CD22458AB1E009A733B /* LaunchScreen.storyboard */,
				5B082CD52458AB1E009A733B /* Info.plist */,
				5BEA4D03245A8978008B7391 /* Fonts */,
			);
			path = MemeMe;
			sourceTree = "<group>";
		};
		5BEA4D03245A8978008B7391 /* Fonts */ = {
			isa = PBXGroup;
			children = (
				5BEA4D04245A8986008B7391 /* Impact.ttf */,
			);
			path = Fonts;
			sourceTree = "<group>";
		};
		5BEA4D06245AA75F008B7391 /* Model */ = {
			isa = PBXGroup;
			children = (
				5B082CDD2458B311009A733B /* Meme.swift */,
			);
			path = Model;
			sourceTree = "<group>";
		};
		5BEA4D07245AA76A008B7391 /* Controller */ = {
			isa = PBXGroup;
			children = (
				5B082CCB2458AB18009A733B /* MemeEditorVC.swift */,
			);
			path = Controller;
			sourceTree = "<group>";
		};
		5BEA4D08245AA775008B7391 /* Utilities */ = {
			isa = PBXGroup;
			children = (
				5BEA4D09245AA782008B7391 /* Extensions.swift */,
			);
			path = Utilities;
			sourceTree = "<group>";
		};
/* End PBXGroup section */

/* Begin PBXNativeTarget section */
		5B082CC32458AB18009A733B /* MemeMe */ = {
			isa = PBXNativeTarget;
			buildConfigurationList = 5B082CD82458AB1E009A733B /* Build configuration list for PBXNativeTarget "MemeMe" */;
			buildPhases = (
				5B082CC02458AB18009A733B /* Sources */,
				5B082CC12458AB18009A733B /* Frameworks */,
				5B082CC22458AB18009A733B /* Resources */,
			);
			buildRules = (
			);
			dependencies = (
			);
			name = MemeMe;
			productName = MemeMe;
			productReference = 5B082CC42458AB18009A733B /* MemeMe.app */;
			productType = "com.apple.product-type.application";
		};
/* End PBXNativeTarget section */

/* Begin PBXProject section */
		5B082CBC2458AB18009A733B /* Project object */ = {
			isa = PBXProject;
			attributes = {
				LastSwiftUpdateCheck = 1140;
				LastUpgradeCheck = 1140;
				ORGANIZATIONNAME = "Aaryan Kothari";
				TargetAttributes = {
					5B082CC32458AB18009A733B = {
						CreatedOnToolsVersion = 11.4;
					};
				};
			};
			buildConfigurationList = 5B082CBF2458AB18009A733B /* Build configuration list for PBXProject "MemeMe" */;
			compatibilityVersion = "Xcode 9.3";
			developmentRegion = en;
			hasScannedForEncodings = 0;
			knownRegions = (
				en,
				Base,
			);
			mainGroup = 5B082CBB2458AB18009A733B;
			productRefGroup = 5B082CC52458AB18009A733B /* Products */;
			projectDirPath = "";
			projectRoot = "";
			targets = (
				5B082CC32458AB18009A733B /* MemeMe */,
			);
		};
/* End PBXProject section */

/* Begin PBXResourcesBuildPhase section */
		5B082CC22458AB18009A733B /* Resources */ = {
			isa = PBXResourcesBuildPhase;
			buildActionMask = 2147483647;
			files = (
				5BEA4D05245A8986008B7391 /* Impact.ttf in Resources */,
				5B082CD42458AB1E009A733B /* LaunchScreen.storyboard in Resources */,
				5B082CD12458AB1E009A733B /* Assets.xcassets in Resources */,
				5B082CCF2458AB18009A733B /* Main.storyboard in Resources */,
			);
			runOnlyForDeploymentPostprocessing = 0;
		};
/* End PBXResourcesBuildPhase section */

/* Begin PBXSourcesBuildPhase section */
		5B082CC02458AB18009A733B /* Sources */ = {
			isa = PBXSourcesBuildPhase;
			buildActionMask = 2147483647;
			files = (
				5B082CCC2458AB18009A733B /* MemeEditorVC.swift in Sources */,
				5BEA4D0A245AA782008B7391 /* Extensions.swift in Sources */,
				5B082CC82458AB18009A733B /* AppDelegate.swift in Sources */,
				5B082CCA2458AB18009A733B /* SceneDelegate.swift in Sources */,
				5B082CDE2458B311009A733B /* Meme.swift in Sources */,
			);
			runOnlyForDeploymentPostprocessing = 0;
		};
/* End PBXSourcesBuildPhase section */

/* Begin PBXVariantGroup section */
		5B082CCD2458AB18009A733B /* Main.storyboard */ = {
			isa = PBXVariantGroup;
			children = (
				5B082CCE2458AB18009A733B /* Base */,
			);
			name = Main.storyboard;
			sourceTree = "<group>";
		};
		5B082CD22458AB1E009A733B /* LaunchScreen.storyboard */ = {
			isa = PBXVariantGroup;
			children = (
				5B082CD32458AB1E009A733B /* Base */,
			);
			name = LaunchScreen.storyboard;
			sourceTree = "<group>";
		};
/* End PBXVariantGroup section */

/* Begin XCBuildConfiguration section */
		5B082CD62458AB1E009A733B /* Debug */ = {
			isa = XCBuildConfiguration;
			buildSettings = {
				ALWAYS_SEARCH_USER_PATHS = NO;
				CLANG_ANALYZER_NONNULL = YES;
				CLANG_ANALYZER_NUMBER_OBJECT_CONVERSION = YES_AGGRESSIVE;
				CLANG_CXX_LANGUAGE_STANDARD = "gnu++14";
				CLANG_CXX_LIBRARY = "libc++";
				CLANG_ENABLE_MODULES = YES;
				CLANG_ENABLE_OBJC_ARC = YES;
				CLANG_ENABLE_OBJC_WEAK = YES;
				CLANG_WARN_BLOCK_CAPTURE_AUTORELEASING = YES;
				CLANG_WARN_BOOL_CONVERSION = YES;
				CLANG_WARN_COMMA = YES;
				CLANG_WARN_CONSTANT_CONVERSION = YES;
				CLANG_WARN_DEPRECATED_OBJC_IMPLEMENTATIONS = YES;
				CLANG_WARN_DIRECT_OBJC_ISA_USAGE = YES_ERROR;
				CLANG_WARN_DOCUMENTATION_COMMENTS = YES;
				CLANG_WARN_EMPTY_BODY = YES;
				CLANG_WARN_ENUM_CONVERSION = YES;
				CLANG_WARN_INFINITE_RECURSION = YES;
				CLANG_WARN_INT_CONVERSION = YES;
				CLANG_WARN_NON_LITERAL_NULL_CONVERSION = YES;
				CLANG_WARN_OBJC_IMPLICIT_RETAIN_SELF = YES;
				CLANG_WARN_OBJC_LITERAL_CONVERSION = YES;
				CLANG_WARN_OBJC_ROOT_CLASS = YES_ERROR;
				CLANG_WARN_RANGE_LOOP_ANALYSIS = YES;
				CLANG_WARN_STRICT_PROTOTYPES = YES;
				CLANG_WARN_SUSPICIOUS_MOVE = YES;
				CLANG_WARN_UNGUARDED_AVAILABILITY = YES_AGGRESSIVE;
				CLANG_WARN_UNREACHABLE_CODE = YES;
				CLANG_WARN__DUPLICATE_METHOD_MATCH = YES;
				COPY_PHASE_STRIP = NO;
				DEBUG_INFORMATION_FORMAT = dwarf;
				ENABLE_STRICT_OBJC_MSGSEND = YES;
				ENABLE_TESTABILITY = YES;
				GCC_C_LANGUAGE_STANDARD = gnu11;
				GCC_DYNAMIC_NO_PIC = NO;
				GCC_NO_COMMON_BLOCKS = YES;
				GCC_OPTIMIZATION_LEVEL = 0;
				GCC_PREPROCESSOR_DEFINITIONS = (
					"DEBUG=1",
					"$(inherited)",
				);
				GCC_WARN_64_TO_32_BIT_CONVERSION = YES;
				GCC_WARN_ABOUT_RETURN_TYPE = YES_ERROR;
				GCC_WARN_UNDECLARED_SELECTOR = YES;
				GCC_WARN_UNINITIALIZED_AUTOS = YES_AGGRESSIVE;
				GCC_WARN_UNUSED_FUNCTION = YES;
				GCC_WARN_UNUSED_VARIABLE = YES;
				IPHONEOS_DEPLOYMENT_TARGET = 13.4;
				MTL_ENABLE_DEBUG_INFO = INCLUDE_SOURCE;
				MTL_FAST_MATH = YES;
				ONLY_ACTIVE_ARCH = YES;
				SDKROOT = iphoneos;
				SWIFT_ACTIVE_COMPILATION_CONDITIONS = DEBUG;
				SWIFT_OPTIMIZATION_LEVEL = "-Onone";
			};
			name = Debug;
		};
		5B082CD72458AB1E009A733B /* Release */ = {
			isa = XCBuildConfiguration;
			buildSettings = {
				ALWAYS_SEARCH_USER_PATHS = NO;
				CLANG_ANALYZER_NONNULL = YES;
				CLANG_ANALYZER_NUMBER_OBJECT_CONVERSION = YES_AGGRESSIVE;
				CLANG_CXX_LANGUAGE_STANDARD = "gnu++14";
				CLANG_CXX_LIBRARY = "libc++";
				CLANG_ENABLE_MODULES = YES;
				CLANG_ENABLE_OBJC_ARC = YES;
				CLANG_ENABLE_OBJC_WEAK = YES;
				CLANG_WARN_BLOCK_CAPTURE_AUTORELEASING = YES;
				CLANG_WARN_BOOL_CONVERSION = YES;
				CLANG_WARN_COMMA = YES;
				CLANG_WARN_CONSTANT_CONVERSION = YES;
				CLANG_WARN_DEPRECATED_OBJC_IMPLEMENTATIONS = YES;
				CLANG_WARN_DIRECT_OBJC_ISA_USAGE = YES_ERROR;
				CLANG_WARN_DOCUMENTATION_COMMENTS = YES;
				CLANG_WARN_EMPTY_BODY = YES;
				CLANG_WARN_ENUM_CONVERSION = YES;
				CLANG_WARN_INFINITE_RECURSION = YES;
				CLANG_WARN_INT_CONVERSION = YES;
				CLANG_WARN_NON_LITERAL_NULL_CONVERSION = YES;
				CLANG_WARN_OBJC_IMPLICIT_RETAIN_SELF = YES;
				CLANG_WARN_OBJC_LITERAL_CONVERSION = YES;
				CLANG_WARN_OBJC_ROOT_CLASS = YES_ERROR;
				CLANG_WARN_RANGE_LOOP_ANALYSIS = YES;
				CLANG_WARN_STRICT_PROTOTYPES = YES;
				CLANG_WARN_SUSPICIOUS_MOVE = YES;
				CLANG_WARN_UNGUARDED_AVAILABILITY = YES_AGGRESSIVE;
				CLANG_WARN_UNREACHABLE_CODE = YES;
				CLANG_WARN__DUPLICATE_METHOD_MATCH = YES;
				COPY_PHASE_STRIP = NO;
				DEBUG_INFORMATION_FORMAT = "dwarf-with-dsym";
				ENABLE_NS_ASSERTIONS = NO;
				ENABLE_STRICT_OBJC_MSGSEND = YES;
				GCC_C_LANGUAGE_STANDARD = gnu11;
				GCC_NO_COMMON_BLOCKS = YES;
				GCC_WARN_64_TO_32_BIT_CONVERSION = YES;
				GCC_WARN_ABOUT_RETURN_TYPE = YES_ERROR;
				GCC_WARN_UNDECLARED_SELECTOR = YES;
				GCC_WARN_UNINITIALIZED_AUTOS = YES_AGGRESSIVE;
				GCC_WARN_UNUSED_FUNCTION = YES;
				GCC_WARN_UNUSED_VARIABLE = YES;
				IPHONEOS_DEPLOYMENT_TARGET = 13.4;
				MTL_ENABLE_DEBUG_INFO = NO;
				MTL_FAST_MATH = YES;
				SDKROOT = iphoneos;
				SWIFT_COMPILATION_MODE = wholemodule;
				SWIFT_OPTIMIZATION_LEVEL = "-O";
				VALIDATE_PRODUCT = YES;
			};
			name = Release;
		};
		5B082CD92458AB1E009A733B /* Debug */ = {
			isa = XCBuildConfiguration;
			buildSettings = {
				ASSETCATALOG_COMPILER_APPICON_NAME = AppIcon;
				CODE_SIGN_STYLE = Automatic;
				DEVELOPMENT_TEAM = F8CHS6PHQS;
				INFOPLIST_FILE = MemeMe/Info.plist;
				LD_RUNPATH_SEARCH_PATHS = (
					"$(inherited)",
					"@executable_path/Frameworks",
				);
				PRODUCT_BUNDLE_IDENTIFIER = ak.MemeMe;
				PRODUCT_NAME = "$(TARGET_NAME)";
				SWIFT_VERSION = 5.0;
				TARGETED_DEVICE_FAMILY = "1,2";
			};
			name = Debug;
		};
		5B082CDA2458AB1E009A733B /* Release */ = {
			isa = XCBuildConfiguration;
			buildSettings = {
				ASSETCATALOG_COMPILER_APPICON_NAME = AppIcon;
				CODE_SIGN_STYLE = Automatic;
				DEVELOPMENT_TEAM = F8CHS6PHQS;
				INFOPLIST_FILE = MemeMe/Info.plist;
				LD_RUNPATH_SEARCH_PATHS = (
					"$(inherited)",
					"@executable_path/Frameworks",
				);
				PRODUCT_BUNDLE_IDENTIFIER = ak.MemeMe;
				PRODUCT_NAME = "$(TARGET_NAME)";
				SWIFT_VERSION = 5.0;
				TARGETED_DEVICE_FAMILY = "1,2";
			};
			name = Release;
		};
/* End XCBuildConfiguration section */

/* Begin XCConfigurationList section */
		5B082CBF2458AB18009A733B /* Build configuration list for PBXProject "MemeMe" */ = {
			isa = XCConfigurationList;
			buildConfigurations = (
				5B082CD62458AB1E009A733B /* Debug */,
				5B082CD72458AB1E009A733B /* Release */,
			);
			defaultConfigurationIsVisible = 0;
			defaultConfigurationName = Release;
		};
		5B082CD82458AB1E009A733B /* Build configuration list for PBXNativeTarget "MemeMe" */ = {
			isa = XCConfigurationList;
			buildConfigurations = (
				5B082CD92458AB1E009A733B /* Debug */,
				5B082CDA2458AB1E009A733B /* Release */,
			);
			defaultConfigurationIsVisible = 0;
			defaultConfigurationName = Release;
		};
/* End XCConfigurationList section */
	};
	rootObject = 5B082CBC2458AB18009A733B /* Project object */;
}
